
Microsoft Visual Studio Solution File, Format Version 12.00
# Visual Studio Version 16
VisualStudioVersion = 16.0.30717.126
MinimumVisualStudioVersion = 10.0.40219.1
Project("{FAE04EC0-301F-11D3-BF4B-00C04F79EFBC}") = "Operaciones", "Operaciones\Operaciones.csproj", "{566EC035-3FF4-49B5-99D5-8923F082B5A6}"
EndProject
Global
	GlobalSection(SolutionConfigurationPlatforms) = preSolution
		Debug|Any CPU = Debug|Any CPU
		Release|Any CPU = Release|Any CPU
	EndGlobalSection
	GlobalSection(ProjectConfigurationPlatforms) = postSolution
		{566EC035-3FF4-49B5-99D5-8923F082B5A6}.Debug|Any CPU.ActiveCfg = Debug|Any CPU
		{566EC035-3FF4-49B5-99D5-8923F082B5A6}.Debug|Any CPU.Build.0 = Debug|Any CPU
		{566EC035-3FF4-49B5-99D5-8923F082B5A6}.Release|Any CPU.ActiveCfg = Release|Any CPU
		{566EC035-3FF4-49B5-99D5-8923F082B5A6}.Release|Any CPU.Build.0 = Release|Any CPU
	EndGlobalSection
	GlobalSection(SolutionProperties) = preSolution
		HideSolutionNode = FALSE
	EndGlobalSection
	GlobalSection(ExtensibilityGlobals) = postSolution
		SolutionGuid = {4DB37DE6-2BDA-465C-97E1-EFFF04F59B3C}
	EndGlobalSection
EndGlobal
