
Microsoft Visual Studio Solution File, Format Version 12.00
# Visual Studio Version 16
VisualStudioVersion = 16.0.30804.86
MinimumVisualStudioVersion = 10.0.40219.1
Project("{FAE04EC0-301F-11D3-BF4B-00C04F79EFBC}") = "ListaDirectoriosArchivos", "ListaDirectoriosArchivos\ListaDirectoriosArchivos.csproj", "{458AE781-18AD-4852-B4B1-4C63139B6B93}"
EndProject
Global
	GlobalSection(SolutionConfigurationPlatforms) = preSolution
		Debug|Any CPU = Debug|Any CPU
		Release|Any CPU = Release|Any CPU
	EndGlobalSection
	GlobalSection(ProjectConfigurationPlatforms) = postSolution
		{458AE781-18AD-4852-B4B1-4C63139B6B93}.Debug|Any CPU.ActiveCfg = Debug|Any CPU
		{458AE781-18AD-4852-B4B1-4C63139B6B93}.Debug|Any CPU.Build.0 = Debug|Any CPU
		{458AE781-18AD-4852-B4B1-4C63139B6B93}.Release|Any CPU.ActiveCfg = Release|Any CPU
		{458AE781-18AD-4852-B4B1-4C63139B6B93}.Release|Any CPU.Build.0 = Release|Any CPU
	EndGlobalSection
	GlobalSection(SolutionProperties) = preSolution
		HideSolutionNode = FALSE
	EndGlobalSection
	GlobalSection(ExtensibilityGlobals) = postSolution
		SolutionGuid = {0AEB09D4-97FA-46B8-A28E-3A387FAB1797}
	EndGlobalSection
EndGlobal
