
Microsoft Visual Studio Solution File, Format Version 12.00
# Visual Studio Version 16
VisualStudioVersion = 16.0.30804.86
MinimumVisualStudioVersion = 10.0.40219.1
Project("{FAE04EC0-301F-11D3-BF4B-00C04F79EFBC}") = "Array3x4", "Array3x4\Array3x4.csproj", "{AA67ABB1-CD50-4285-9C56-EE2AC395883D}"
EndProject
Global
	GlobalSection(SolutionConfigurationPlatforms) = preSolution
		Debug|Any CPU = Debug|Any CPU
		Release|Any CPU = Release|Any CPU
	EndGlobalSection
	GlobalSection(ProjectConfigurationPlatforms) = postSolution
		{AA67ABB1-CD50-4285-9C56-EE2AC395883D}.Debug|Any CPU.ActiveCfg = Debug|Any CPU
		{AA67ABB1-CD50-4285-9C56-EE2AC395883D}.Debug|Any CPU.Build.0 = Debug|Any CPU
		{AA67ABB1-CD50-4285-9C56-EE2AC395883D}.Release|Any CPU.ActiveCfg = Release|Any CPU
		{AA67ABB1-CD50-4285-9C56-EE2AC395883D}.Release|Any CPU.Build.0 = Release|Any CPU
	EndGlobalSection
	GlobalSection(SolutionProperties) = preSolution
		HideSolutionNode = FALSE
	EndGlobalSection
	GlobalSection(ExtensibilityGlobals) = postSolution
		SolutionGuid = {BD6D7990-33C8-45C2-8B13-EBFC8B9976B2}
	EndGlobalSection
EndGlobal
